
Microsoft Visual Studio Solution File, Format Version 12.00
# Visual Studio Version 16
VisualStudioVersion = 16.0.31605.320
MinimumVisualStudioVersion = 10.0.40219.1
Project("{FAE04EC0-301F-11D3-BF4B-00C04F79EFBC}") = "GroceryList", "GroceryList\GroceryList.csproj", "{577E058E-0596-46ED-A891-1CEF342FD476}"
EndProject
Global
	GlobalSection(SolutionConfigurationPlatforms) = preSolution
		Debug|Any CPU = Debug|Any CPU
		Release|Any CPU = Release|Any CPU
	EndGlobalSection
	GlobalSection(ProjectConfigurationPlatforms) = postSolution
		{577E058E-0596-46ED-A891-1CEF342FD476}.Debug|Any CPU.ActiveCfg = Debug|Any CPU
		{577E058E-0596-46ED-A891-1CEF342FD476}.Debug|Any CPU.Build.0 = Debug|Any CPU
		{577E058E-0596-46ED-A891-1CEF342FD476}.Release|Any CPU.ActiveCfg = Release|Any CPU
		{577E058E-0596-46ED-A891-1CEF342FD476}.Release|Any CPU.Build.0 = Release|Any CPU
	EndGlobalSection
	GlobalSection(SolutionProperties) = preSolution
		HideSolutionNode = FALSE
	EndGlobalSection
	GlobalSection(ExtensibilityGlobals) = postSolution
		SolutionGuid = {69144AA6-7764-448C-8591-31E245C8BC98}
	EndGlobalSection
EndGlobal
